
Microsoft Visual Studio Solution File, Format Version 12.00
# Visual Studio Version 16
VisualStudioVersion = 16.0.30104.148
MinimumVisualStudioVersion = 10.0.40219.1
Project("{FAE04EC0-301F-11D3-BF4B-00C04F79EFBC}") = "AssetEditor", "AssetEditor.csproj", "{724B3FF1-BE2B-4728-916A-279951F7E5B0}"
EndProject
Global
	GlobalSection(SolutionConfigurationPlatforms) = preSolution
		Debug|Any CPU = Debug|Any CPU
		Release|Any CPU = Release|Any CPU
	EndGlobalSection
	GlobalSection(ProjectConfigurationPlatforms) = postSolution
		{724B3FF1-BE2B-4728-916A-279951F7E5B0}.Debug|Any CPU.ActiveCfg = Debug|Any CPU
		{724B3FF1-BE2B-4728-916A-279951F7E5B0}.Debug|Any CPU.Build.0 = Debug|Any CPU
		{724B3FF1-BE2B-4728-916A-279951F7E5B0}.Release|Any CPU.ActiveCfg = Release|Any CPU
		{724B3FF1-BE2B-4728-916A-279951F7E5B0}.Release|Any CPU.Build.0 = Release|Any CPU
	EndGlobalSection
	GlobalSection(SolutionProperties) = preSolution
		HideSolutionNode = FALSE
	EndGlobalSection
	GlobalSection(ExtensibilityGlobals) = postSolution
		SolutionGuid = {F44D5952-0BEA-4383-8229-5192C460BA94}
	EndGlobalSection
EndGlobal
